Microsoft Visual Studio Solution File, Format Version 12.00
# Visual Studio Version 17
VisualStudioVersion = 17.5.2.0
MinimumVisualStudioVersion = 10.0.40219.1
Project("{FAE04EC0-301F-11D3-BF4B-00C04F79EFBC}") = "AccountingApp", "AccountingApp.csproj", "{B0F34597-FB51-45A0-8A07-3A6C57776B01}"
EndProject
Global
	GlobalSection(SolutionConfigurationPlatforms) = preSolution
		Debug|Any CPU = Debug|Any CPU
		Release|Any CPU = Release|Any CPU
	EndGlobalSection
	GlobalSection(ProjectConfigurationPlatforms) = postSolution
		{B0F34597-FB51-45A0-8A07-3A6C57776B01}.Debug|Any CPU.ActiveCfg = Debug|Any CPU
		{B0F34597-FB51-45A0-8A07-3A6C57776B01}.Debug|Any CPU.Build.0 = Debug|Any CPU
		{B0F34597-FB51-45A0-8A07-3A6C57776B01}.Release|Any CPU.ActiveCfg = Release|Any CPU
		{B0F34597-FB51-45A0-8A07-3A6C57776B01}.Release|Any CPU.Build.0 = Release|Any CPU
	EndGlobalSection
	GlobalSection(SolutionProperties) = preSolution
		HideSolutionNode = FALSE
	EndGlobalSection
	GlobalSection(ExtensibilityGlobals) = postSolution
		SolutionGuid = {31A72474-B50C-4BFD-96F0-1536A5314B00}
	EndGlobalSection
EndGlobal
